
Microsoft Visual Studio Solution File, Format Version 12.00
# Visual Studio Version 16
VisualStudioVersion = 16.0.30320.27
MinimumVisualStudioVersion = 10.0.40219.1
Project("{FAE04EC0-301F-11D3-BF4B-00C04F79EFBC}") = "lesson_4", "lesson_4\lesson_4.csproj", "{2B35F6C0-B9E5-414D-9F96-7E8909DBC4EF}"
EndProject
Global
	GlobalSection(SolutionConfigurationPlatforms) = preSolution
		Debug|Any CPU = Debug|Any CPU
		Release|Any CPU = Release|Any CPU
	EndGlobalSection
	GlobalSection(ProjectConfigurationPlatforms) = postSolution
		{2B35F6C0-B9E5-414D-9F96-7E8909DBC4EF}.Debug|Any CPU.ActiveCfg = Debug|Any CPU
		{2B35F6C0-B9E5-414D-9F96-7E8909DBC4EF}.Debug|Any CPU.Build.0 = Debug|Any CPU
		{2B35F6C0-B9E5-414D-9F96-7E8909DBC4EF}.Release|Any CPU.ActiveCfg = Release|Any CPU
		{2B35F6C0-B9E5-414D-9F96-7E8909DBC4EF}.Release|Any CPU.Build.0 = Release|Any CPU
	EndGlobalSection
	GlobalSection(SolutionProperties) = preSolution
		HideSolutionNode = FALSE
	EndGlobalSection
	GlobalSection(ExtensibilityGlobals) = postSolution
		SolutionGuid = {CD5EC8DE-1C5E-4C9A-AD82-3A9E06754CB3}
	EndGlobalSection
EndGlobal
