
Microsoft Visual Studio Solution File, Format Version 12.00
# Visual Studio Version 16
VisualStudioVersion = 16.0.30320.27
MinimumVisualStudioVersion = 10.0.40219.1
Project("{FAE04EC0-301F-11D3-BF4B-00C04F79EFBC}") = "lesson_6", "lesson_6\lesson_6.csproj", "{555F63D1-4A65-45F8-9823-B22A7A8C7C85}"
EndProject
Global
	GlobalSection(SolutionConfigurationPlatforms) = preSolution
		Debug|Any CPU = Debug|Any CPU
		Release|Any CPU = Release|Any CPU
	EndGlobalSection
	GlobalSection(ProjectConfigurationPlatforms) = postSolution
		{555F63D1-4A65-45F8-9823-B22A7A8C7C85}.Debug|Any CPU.ActiveCfg = Debug|Any CPU
		{555F63D1-4A65-45F8-9823-B22A7A8C7C85}.Debug|Any CPU.Build.0 = Debug|Any CPU
		{555F63D1-4A65-45F8-9823-B22A7A8C7C85}.Release|Any CPU.ActiveCfg = Release|Any CPU
		{555F63D1-4A65-45F8-9823-B22A7A8C7C85}.Release|Any CPU.Build.0 = Release|Any CPU
	EndGlobalSection
	GlobalSection(SolutionProperties) = preSolution
		HideSolutionNode = FALSE
	EndGlobalSection
	GlobalSection(ExtensibilityGlobals) = postSolution
		SolutionGuid = {57359D89-F38D-44AF-B91C-D93408DB42B5}
	EndGlobalSection
EndGlobal
